// !$*UTF8*$!
{
	archiveVersion = 1;
	classes = {
	};
	objectVersion = 50;
	objects = {

/* Begin PBXBuildFile section */
		4069A456208E768F00E81023 /* AppDelegate.m in Sources */ = {isa = PBXBuildFile; fileRef = 4069A455208E768F00E81023 /* AppDelegate.m */; };
		4069A459208E768F00E81023 /* ViewController.m in Sources */ = {isa = PBXBuildFile; fileRef = 4069A458208E768F00E81023 /* ViewController.m */; };
		4069A45C208E768F00E81023 /* Main.storyboard in Resources */ = {isa = PBXBuildFile; fileRef = 4069A45A208E768F00E81023 /* Main.storyboard */; };
		4069A45E208E769100E81023 /* Assets.xcassets in Resources */ = {isa = PBXBuildFile; fileRef = 4069A45D208E769100E81023 /* Assets.xcassets */; };
		4069A461208E769100E81023 /* LaunchScreen.storyboard in Resources */ = {isa = PBXBuildFile; fileRef = 4069A45F208E769100E81023 /* LaunchScreen.storyboard */; };
		4069A464208E769100E81023 /* main.m in Sources */ = {isa = PBXBuildFile; fileRef = 4069A463208E769100E81023 /* main.m */; };
		4069A46E208E769200E81023 /* JenkinsProjectTests.m in Sources */ = {isa = PBXBuildFile; fileRef = 4069A46D208E769200E81023 /* JenkinsProjectTests.m */; };
		4069A479208E769200E81023 /* JenkinsProjectUITests.m in Sources */ = {isa = PBXBuildFile; fileRef = 4069A478208E769200E81023 /* JenkinsProjectUITests.m */; };
		40B18018208E89490071B070 /* Model.m in Sources */ = {isa = PBXBuildFile; fileRef = 40B18017208E89490071B070 /* Model.m */; };
/* End PBXBuildFile section */

/* Begin PBXContainerItemProxy section */
		4069A46A208E769200E81023 /* PBXContainerItemProxy */ = {
			isa = PBXContainerItemProxy;
			containerPortal = 4069A449208E768F00E81023 /* Project object */;
			proxyType = 1;
			remoteGlobalIDString = 4069A450208E768F00E81023;
			remoteInfo = JenkinsProject;
		};
		4069A475208E769200E81023 /* PBXContainerItemProxy */ = {
			isa = PBXContainerItemProxy;
			containerPortal = 4069A449208E768F00E81023 /* Project object */;
			proxyType = 1;
			remoteGlobalIDString = 4069A450208E768F00E81023;
			remoteInfo = JenkinsProject;
		};
/* End PBXContainerItemProxy section */

/* Begin PBXFileReference section */
		4069A451208E768F00E81023 /* JenkinsProject.app */ = {isa = PBXFileReference; explicitFileType = wrapper.application; includeInIndex = 0; path = JenkinsProject.app; sourceTree = BUILT_PRODUCTS_DIR; };
		4069A454208E768F00E81023 /* AppDelegate.h */ = {isa = PBXFileReference; lastKnownFileType = sourcecode.c.h; path = AppDelegate.h; sourceTree = "<group>"; };
		4069A455208E768F00E81023 /* AppDelegate.m */ = {isa = PBXFileReference; lastKnownFileType = sourcecode.c.objc; path = AppDelegate.m; sourceTree = "<group>"; };
		4069A457208E768F00E81023 /* ViewController.h */ = {isa = PBXFileReference; lastKnownFileType = sourcecode.c.h; path = ViewController.h; sourceTree = "<group>"; };
		4069A458208E768F00E81023 /* ViewController.m */ = {isa = PBXFileReference; lastKnownFileType = sourcecode.c.objc; path = ViewController.m; sourceTree = "<group>"; };
		4069A45B208E768F00E81023 /* Base */ = {isa = PBXFileReference; lastKnownFileType = file.storyboard; name = Base; path = Base.lproj/Main.storyboard; sourceTree = "<group>"; };
		4069A45D208E769100E81023 /* Assets.xcassets */ = {isa = PBXFileReference; lastKnownFileType = folder.assetcatalog; path = Assets.xcassets; sourceTree = "<group>"; };
		4069A460208E769100E81023 /* Base */ = {isa = PBXFileReference; lastKnownFileType = file.storyboard; name = Base; path = Base.lproj/LaunchScreen.storyboard; sourceTree = "<group>"; };
		4069A462208E769100E81023 /* Info.plist */ = {isa = PBXFileReference; lastKnownFileType = text.plist.xml; path = Info.plist; sourceTree = "<group>"; };
		4069A463208E769100E81023 /* main.m */ = {isa = PBXFileReference; lastKnownFileType = sourcecode.c.objc; path = main.m; sourceTree = "<group>"; };
		4069A469208E769200E81023 /* JenkinsProjectTests.xctest */ = {isa = PBXFileReference; explicitFileType = wrapper.cfbundle; includeInIndex = 0; path = JenkinsProjectTests.xctest; sourceTree = BUILT_PRODUCTS_DIR; };
		4069A46D208E769200E81023 /* JenkinsProjectTests.m */ = {isa = PBXFileReference; lastKnownFileType = sourcecode.c.objc; path = JenkinsProjectTests.m; sourceTree = "<group>"; };
		4069A46F208E769200E81023 /* Info.plist */ = {isa = PBXFileReference; lastKnownFileType = text.plist.xml; path = Info.plist; sourceTree = "<group>"; };
		4069A474208E769200E81023 /* JenkinsProjectUITests.xctest */ = {isa = PBXFileReference; explicitFileType = wrapper.cfbundle; includeInIndex = 0; path = JenkinsProjectUITests.xctest; sourceTree = BUILT_PRODUCTS_DIR; };
		4069A478208E769200E81023 /* JenkinsProjectUITests.m */ = {isa = PBXFileReference; lastKnownFileType = sourcecode.c.objc; path = JenkinsProjectUITests.m; sourceTree = "<group>"; };
		4069A47A208E769200E81023 /* Info.plist */ = {isa = PBXFileReference; lastKnownFileType = text.plist.xml; path = Info.plist; sourceTree = "<group>"; };
		40B18016208E89490071B070 /* Model.h */ = {isa = PBXFileReference; lastKnownFileType = sourcecode.c.h; path = Model.h; sourceTree = "<group>"; };
		40B18017208E89490071B070 /* Model.m */ = {isa = PBXFileReference; lastKnownFileType = sourcecode.c.objc; path = Model.m; sourceTree = "<group>"; };
/* End PBXFileReference section */

/* Begin PBXFrameworksBuildPhase section */
		4069A44E208E768F00E81023 /* Frameworks */ = {
			isa = PBXFrameworksBuildPhase;
			buildActionMask = 2147483647;
			files = (
			);
			runOnlyForDeploymentPostprocessing = 0;
		};
		4069A466208E769200E81023 /* Frameworks */ = {
			isa = PBXFrameworksBuildPhase;
			buildActionMask = 2147483647;
			files = (
			);
			runOnlyForDeploymentPostprocessing = 0;
		};
		4069A471208E769200E81023 /* Frameworks */ = {
			isa = PBXFrameworksBuildPhase;
			buildActionMask = 2147483647;
			files = (
			);
			runOnlyForDeploymentPostprocessing = 0;
		};
/* End PBXFrameworksBuildPhase section */

/* Begin PBXGroup section */
		4069A448208E768F00E81023 = {
			isa = PBXGroup;
			children = (
				4069A453208E768F00E81023 /* JenkinsProject */,
				4069A46C208E769200E81023 /* JenkinsProjectTests */,
				4069A477208E769200E81023 /* JenkinsProjectUITests */,
				4069A452208E768F00E81023 /* Products */,
			);
			sourceTree = "<group>";
		};
		4069A452208E768F00E81023 /* Products */ = {
			isa = PBXGroup;
			children = (
				4069A451208E768F00E81023 /* JenkinsProject.app */,
				4069A469208E769200E81023 /* JenkinsProjectTests.xctest */,
				4069A474208E769200E81023 /* JenkinsProjectUITests.xctest */,
			);
			name = Products;
			sourceTree = "<group>";
		};
		4069A453208E768F00E81023 /* JenkinsProject */ = {
			isa = PBXGroup;
			children = (
				4069A454208E768F00E81023 /* AppDelegate.h */,
				4069A455208E768F00E81023 /* AppDelegate.m */,
				4069A457208E768F00E81023 /* ViewController.h */,
				4069A458208E768F00E81023 /* ViewController.m */,
				4069A45A208E768F00E81023 /* Main.storyboard */,
				4069A45D208E769100E81023 /* Assets.xcassets */,
				4069A45F208E769100E81023 /* LaunchScreen.storyboard */,
				4069A462208E769100E81023 /* Info.plist */,
				4069A463208E769100E81023 /* main.m */,
				40B18016208E89490071B070 /* Model.h */,
				40B18017208E89490071B070 /* Model.m */,
			);
			path = JenkinsProject;
			sourceTree = "<group>";
		};
		4069A46C208E769200E81023 /* JenkinsProjectTests */ = {
			isa = PBXGroup;
			children = (
				4069A46D208E769200E81023 /* JenkinsProjectTests.m */,
				4069A46F208E769200E81023 /* Info.plist */,
			);
			path = JenkinsProjectTests;
			sourceTree = "<group>";
		};
		4069A477208E769200E81023 /* JenkinsProjectUITests */ = {
			isa = PBXGroup;
			children = (
				4069A478208E769200E81023 /* JenkinsProjectUITests.m */,
				4069A47A208E769200E81023 /* Info.plist */,
			);
			path = JenkinsProjectUITests;
			sourceTree = "<group>";
		};
/* End PBXGroup section */

/* Begin PBXNativeTarget section */
		4069A450208E768F00E81023 /* JenkinsProject */ = {
			isa = PBXNativeTarget;
			buildConfigurationList = 4069A47D208E769200E81023 /* Build configuration list for PBXNativeTarget "JenkinsProject" */;
			buildPhases = (
				4069A44D208E768F00E81023 /* Sources */,
				4069A44E208E768F00E81023 /* Frameworks */,
				4069A44F208E768F00E81023 /* Resources */,
			);
			buildRules = (
			);
			dependencies = (
			);
			name = JenkinsProject;
			productName = JenkinsProject;
			productReference = 4069A451208E768F00E81023 /* JenkinsProject.app */;
			productType = "com.apple.product-type.application";
		};
		4069A468208E769200E81023 /* JenkinsProjectTests */ = {
			isa = PBXNativeTarget;
			buildConfigurationList = 4069A480208E769200E81023 /* Build configuration list for PBXNativeTarget "JenkinsProjectTests" */;
			buildPhases = (
				4069A465208E769200E81023 /* Sources */,
				4069A466208E769200E81023 /* Frameworks */,
				4069A467208E769200E81023 /* Resources */,
			);
			buildRules = (
			);
			dependencies = (
				4069A46B208E769200E81023 /* PBXTargetDependency */,
			);
			name = JenkinsProjectTests;
			productName = JenkinsProjectTests;
			productReference = 4069A469208E769200E81023 /* JenkinsProjectTests.xctest */;
			productType = "com.apple.product-type.bundle.unit-test";
		};
		4069A473208E769200E81023 /* JenkinsProjectUITests */ = {
			isa = PBXNativeTarget;
			buildConfigurationList = 4069A483208E769200E81023 /* Build configuration list for PBXNativeTarget "JenkinsProjectUITests" */;
			buildPhases = (
				4069A470208E769200E81023 /* Sources */,
				4069A471208E769200E81023 /* Frameworks */,
				4069A472208E769200E81023 /* Resources */,
			);
			buildRules = (
			);
			dependencies = (
				4069A476208E769200E81023 /* PBXTargetDependency */,
			);
			name = JenkinsProjectUITests;
			productName = JenkinsProjectUITests;
			productReference = 4069A474208E769200E81023 /* JenkinsProjectUITests.xctest */;
			productType = "com.apple.product-type.bundle.ui-testing";
		};
/* End PBXNativeTarget section */

/* Begin PBXProject section */
		4069A449208E768F00E81023 /* Project object */ = {
			isa = PBXProject;
			attributes = {
				LastUpgradeCheck = 0930;
				ORGANIZATIONNAME = Tomas;
				TargetAttributes = {
					4069A450208E768F00E81023 = {
						CreatedOnToolsVersion = 9.3;
					};
					4069A468208E769200E81023 = {
						CreatedOnToolsVersion = 9.3;
						TestTargetID = 4069A450208E768F00E81023;
					};
					4069A473208E769200E81023 = {
						CreatedOnToolsVersion = 9.3;
						TestTargetID = 4069A450208E768F00E81023;
					};
				};
			};
			buildConfigurationList = 4069A44C208E768F00E81023 /* Build configuration list for PBXProject "JenkinsProject" */;
			compatibilityVersion = "Xcode 9.3";
			developmentRegion = en;
			hasScannedForEncodings = 0;
			knownRegions = (
				en,
				Base,
			);
			mainGroup = 4069A448208E768F00E81023;
			productRefGroup = 4069A452208E768F00E81023 /* Products */;
			projectDirPath = "";
			projectRoot = "";
			targets = (
				4069A450208E768F00E81023 /* JenkinsProject */,
				4069A468208E769200E81023 /* JenkinsProjectTests */,
				4069A473208E769200E81023 /* JenkinsProjectUITests */,
			);
		};
/* End PBXProject section */

/* Begin PBXResourcesBuildPhase section */
		4069A44F208E768F00E81023 /* Resources */ = {
			isa = PBXResourcesBuildPhase;
			buildActionMask = 2147483647;
			files = (
				4069A461208E769100E81023 /* LaunchScreen.storyboard in Resources */,
				4069A45E208E769100E81023 /* Assets.xcassets in Resources */,
				4069A45C208E768F00E81023 /* Main.storyboard in Resources */,
			);
			runOnlyForDeploymentPostprocessing = 0;
		};
		4069A467208E769200E81023 /* Resources */ = {
			isa = PBXResourcesBuildPhase;
			buildActionMask = 2147483647;
			files = (
			);
			runOnlyForDeploymentPostprocessing = 0;
		};
		4069A472208E769200E81023 /* Resources */ = {
			isa = PBXResourcesBuildPhase;
			buildActionMask = 2147483647;
			files = (
			);
			runOnlyForDeploymentPostprocessing = 0;
		};
/* End PBXResourcesBuildPhase section */

/* Begin PBXSourcesBuildPhase section */
		4069A44D208E768F00E81023 /* Sources */ = {
			isa = PBXSourcesBuildPhase;
			buildActionMask = 2147483647;
			files = (
				4069A459208E768F00E81023 /* ViewController.m in Sources */,
				4069A464208E769100E81023 /* main.m in Sources */,
				4069A456208E768F00E81023 /* AppDelegate.m in Sources */,
				40B18018208E89490071B070 /* Model.m in Sources */,
			);
			runOnlyForDeploymentPostprocessing = 0;
		};
		4069A465208E769200E81023 /* Sources */ = {
			isa = PBXSourcesBuildPhase;
			buildActionMask = 2147483647;
			files = (
				4069A46E208E769200E81023 /* JenkinsProjectTests.m in Sources */,
			);
			runOnlyForDeploymentPostprocessing = 0;
		};
		4069A470208E769200E81023 /* Sources */ = {
			isa = PBXSourcesBuildPhase;
			buildActionMask = 2147483647;
			files = (
				4069A479208E769200E81023 /* JenkinsProjectUITests.m in Sources */,
			);
			runOnlyForDeploymentPostprocessing = 0;
		};
/* End PBXSourcesBuildPhase section */

/* Begin PBXTargetDependency section */
		4069A46B208E769200E81023 /* PBXTargetDependency */ = {
			isa = PBXTargetDependency;
			target = 4069A450208E768F00E81023 /* JenkinsProject */;
			targetProxy = 4069A46A208E769200E81023 /* PBXContainerItemProxy */;
		};
		4069A476208E769200E81023 /* PBXTargetDependency */ = {
			isa = PBXTargetDependency;
			target = 4069A450208E768F00E81023 /* JenkinsProject */;
			targetProxy = 4069A475208E769200E81023 /* PBXContainerItemProxy */;
		};
/* End PBXTargetDependency section */

/* Begin PBXVariantGroup section */
		4069A45A208E768F00E81023 /* Main.storyboard */ = {
			isa = PBXVariantGroup;
			children = (
				4069A45B208E768F00E81023 /* Base */,
			);
			name = Main.storyboard;
			sourceTree = "<group>";
		};
		4069A45F208E769100E81023 /* LaunchScreen.storyboard */ = {
			isa = PBXVariantGroup;
			children = (
				4069A460208E769100E81023 /* Base */,
			);
			name = LaunchScreen.storyboard;
			sourceTree = "<group>";
		};
/* End PBXVariantGroup section */

/* Begin XCBuildConfiguration section */
		4069A47B208E769200E81023 /* Debug */ = {
			isa = XCBuildConfiguration;
			buildSettings = {
				ALWAYS_SEARCH_USER_PATHS = NO;
				CLANG_ANALYZER_NONNULL = YES;
				CLANG_ANALYZER_NUMBER_OBJECT_CONVERSION = YES_AGGRESSIVE;
				CLANG_CXX_LANGUAGE_STANDARD = "gnu++14";
				CLANG_CXX_LIBRARY = "libc++";
				CLANG_ENABLE_MODULES = YES;
				CLANG_ENABLE_OBJC_ARC = YES;
				CLANG_ENABLE_OBJC_WEAK = YES;
				CLANG_WARN_BLOCK_CAPTURE_AUTORELEASING = YES;
				CLANG_WARN_BOOL_CONVERSION = YES;
				CLANG_WARN_COMMA = YES;
				CLANG_WARN_CONSTANT_CONVERSION = YES;
				CLANG_WARN_DEPRECATED_OBJC_IMPLEMENTATIONS = YES;
				CLANG_WARN_DIRECT_OBJC_ISA_USAGE = YES_ERROR;
				CLANG_WARN_DOCUMENTATION_COMMENTS = YES;
				CLANG_WARN_EMPTY_BODY = YES;
				CLANG_WARN_ENUM_CONVERSION = YES;
				CLANG_WARN_INFINITE_RECURSION = YES;
				CLANG_WARN_INT_CONVERSION = YES;
				CLANG_WARN_NON_LITERAL_NULL_CONVERSION = YES;
				CLANG_WARN_OBJC_IMPLICIT_RETAIN_SELF = YES;
				CLANG_WARN_OBJC_LITERAL_CONVERSION = YES;
				CLANG_WARN_OBJC_ROOT_CLASS = YES_ERROR;
				CLANG_WARN_RANGE_LOOP_ANALYSIS = YES;
				CLANG_WARN_STRICT_PROTOTYPES = YES;
				CLANG_WARN_SUSPICIOUS_MOVE = YES;
				CLANG_WARN_UNGUARDED_AVAILABILITY = YES_AGGRESSIVE;
				CLANG_WARN_UNREACHABLE_CODE = YES;
				CLANG_WARN__DUPLICATE_METHOD_MATCH = YES;
				CODE_SIGN_IDENTITY = "iPhone Developer";
				COPY_PHASE_STRIP = NO;
				DEBUG_INFORMATION_FORMAT = dwarf;
				ENABLE_STRICT_OBJC_MSGSEND = YES;
				ENABLE_TESTABILITY = YES;
				GCC_C_LANGUAGE_STANDARD = gnu11;
				GCC_DYNAMIC_NO_PIC = NO;
				GCC_NO_COMMON_BLOCKS = YES;
				GCC_OPTIMIZATION_LEVEL = 0;
				GCC_PREPROCESSOR_DEFINITIONS = (
					"DEBUG=1",
					"$(inherited)",
				);
				GCC_WARN_64_TO_32_BIT_CONVERSION = YES;
				GCC_WARN_ABOUT_RETURN_TYPE = YES_ERROR;
				GCC_WARN_UNDECLARED_SELECTOR = YES;
				GCC_WARN_UNINITIALIZED_AUTOS = YES_AGGRESSIVE;
				GCC_WARN_UNUSED_FUNCTION = YES;
				GCC_WARN_UNUSED_VARIABLE = YES;
				IPHONEOS_DEPLOYMENT_TARGET = 11.3;
				MTL_ENABLE_DEBUG_INFO = YES;
				ONLY_ACTIVE_ARCH = YES;
				SDKROOT = iphoneos;
			};
			name = Debug;
		};
		4069A47C208E769200E81023 /* Release */ = {
			isa = XCBuildConfiguration;
			buildSettings = {
				ALWAYS_SEARCH_USER_PATHS = NO;
				CLANG_ANALYZER_NONNULL = YES;
				CLANG_ANALYZER_NUMBER_OBJECT_CONVERSION = YES_AGGRESSIVE;
				CLANG_CXX_LANGUAGE_STANDARD = "gnu++14";
				CLANG_CXX_LIBRARY = "libc++";
				CLANG_ENABLE_MODULES = YES;
				CLANG_ENABLE_OBJC_ARC = YES;
				CLANG_ENABLE_OBJC_WEAK = YES;
				CLANG_WARN_BLOCK_CAPTURE_AUTORELEASING = YES;
				CLANG_WARN_BOOL_CONVERSION = YES;
				CLANG_WARN_COMMA = YES;
				CLANG_WARN_CONSTANT_CONVERSION = YES;
				CLANG_WARN_DEPRECATED_OBJC_IMPLEMENTATIONS = YES;
				CLANG_WARN_DIRECT_OBJC_ISA_USAGE = YES_ERROR;
				CLANG_WARN_DOCUMENTATION_COMMENTS = YES;
				CLANG_WARN_EMPTY_BODY = YES;
				CLANG_WARN_ENUM_CONVERSION = YES;
				CLANG_WARN_INFINITE_RECURSION = YES;
				CLANG_WARN_INT_CONVERSION = YES;
				CLANG_WARN_NON_LITERAL_NULL_CONVERSION = YES;
				CLANG_WARN_OBJC_IMPLICIT_RETAIN_SELF = YES;
				CLANG_WARN_OBJC_LITERAL_CONVERSION = YES;
				CLANG_WARN_OBJC_ROOT_CLASS = YES_ERROR;
				CLANG_WARN_RANGE_LOOP_ANALYSIS = YES;
				CLANG_WARN_STRICT_PROTOTYPES = YES;
				CLANG_WARN_SUSPICIOUS_MOVE = YES;
				CLANG_WARN_UNGUARDED_AVAILABILITY = YES_AGGRESSIVE;
				CLANG_WARN_UNREACHABLE_CODE = YES;
				CLANG_WARN__DUPLICATE_METHOD_MATCH = YES;
				CODE_SIGN_IDENTITY = "iPhone Developer";
				COPY_PHASE_STRIP = NO;
				DEBUG_INFORMATION_FORMAT = "dwarf-with-dsym";
				ENABLE_NS_ASSERTIONS = NO;
				ENABLE_STRICT_OBJC_MSGSEND = YES;
				GCC_C_LANGUAGE_STANDARD = gnu11;
				GCC_NO_COMMON_BLOCKS = YES;
				GCC_WARN_64_TO_32_BIT_CONVERSION = YES;
				GCC_WARN_ABOUT_RETURN_TYPE = YES_ERROR;
				GCC_WARN_UNDECLARED_SELECTOR = YES;
				GCC_WARN_UNINITIALIZED_AUTOS = YES_AGGRESSIVE;
				GCC_WARN_UNUSED_FUNCTION = YES;
				GCC_WARN_UNUSED_VARIABLE = YES;
				IPHONEOS_DEPLOYMENT_TARGET = 11.3;
				MTL_ENABLE_DEBUG_INFO = NO;
				SDKROOT = iphoneos;
				VALIDATE_PRODUCT = YES;
			};
			name = Release;
		};
		4069A47E208E769200E81023 /* Debug */ = {
			isa = XCBuildConfiguration;
			buildSettings = {
				ASSETCATALOG_COMPILER_APPICON_NAME = AppIcon;
				CODE_SIGN_IDENTITY = "iPhone Developer";
				CODE_SIGN_STYLE = Automatic;
				DEVELOPMENT_TEAM = 38TLYPH5L6;
				INFOPLIST_FILE = JenkinsProject/Info.plist;
				LD_RUNPATH_SEARCH_PATHS = (
					"$(inherited)",
					"@executable_path/Frameworks",
				);
				PRODUCT_BUNDLE_IDENTIFIER = Tomas.JenkinsProject;
				PRODUCT_NAME = "$(TARGET_NAME)";
				PROVISIONING_PROFILE_SPECIFIER = "";
				TARGETED_DEVICE_FAMILY = "1,2";
			};
			name = Debug;
		};
		4069A47F208E769200E81023 /* Release */ = {
			isa = XCBuildConfiguration;
			buildSettings = {
				ASSETCATALOG_COMPILER_APPICON_NAME = AppIcon;
				CODE_SIGN_IDENTITY = "iPhone Developer";
				CODE_SIGN_STYLE = Automatic;
				DEVELOPMENT_TEAM = 38TLYPH5L6;
				INFOPLIST_FILE = JenkinsProject/Info.plist;
				LD_RUNPATH_SEARCH_PATHS = (
					"$(inherited)",
					"@executable_path/Frameworks",
				);
				PRODUCT_BUNDLE_IDENTIFIER = Tomas.JenkinsProject;
				PRODUCT_NAME = "$(TARGET_NAME)";
				PROVISIONING_PROFILE_SPECIFIER = "";
				TARGETED_DEVICE_FAMILY = "1,2";
			};
			name = Release;
		};
		4069A481208E769200E81023 /* Debug */ = {
			isa = XCBuildConfiguration;
			buildSettings = {
				BUNDLE_LOADER = "$(TEST_HOST)";
				CODE_SIGN_STYLE = Automatic;
				INFOPLIST_FILE = JenkinsProjectTests/Info.plist;
				LD_RUNPATH_SEARCH_PATHS = (
					"$(inherited)",
					"@executable_path/Frameworks",
					"@loader_path/Frameworks",
				);
				PRODUCT_BUNDLE_IDENTIFIER = Tomas.JenkinsProjectTests;
				PRODUCT_NAME = "$(TARGET_NAME)";
				TARGETED_DEVICE_FAMILY = "1,2";
				TEST_HOST = "$(BUILT_PRODUCTS_DIR)/JenkinsProject.app/JenkinsProject";
			};
			name = Debug;
		};
		4069A482208E769200E81023 /* Release */ = {
			isa = XCBuildConfiguration;
			buildSettings = {
				BUNDLE_LOADER = "$(TEST_HOST)";
				CODE_SIGN_STYLE = Automatic;
				INFOPLIST_FILE = JenkinsProjectTests/Info.plist;
				LD_RUNPATH_SEARCH_PATHS = (
					"$(inherited)",
					"@executable_path/Frameworks",
					"@loader_path/Frameworks",
				);
				PRODUCT_BUNDLE_IDENTIFIER = Tomas.JenkinsProjectTests;
				PRODUCT_NAME = "$(TARGET_NAME)";
				TARGETED_DEVICE_FAMILY = "1,2";
				TEST_HOST = "$(BUILT_PRODUCTS_DIR)/JenkinsProject.app/JenkinsProject";
			};
			name = Release;
		};
		4069A484208E769200E81023 /* Debug */ = {
			isa = XCBuildConfiguration;
			buildSettings = {
				CODE_SIGN_STYLE = Automatic;
				INFOPLIST_FILE = JenkinsProjectUITests/Info.plist;
				LD_RUNPATH_SEARCH_PATHS = (
					"$(inherited)",
					"@executable_path/Frameworks",
					"@loader_path/Frameworks",
				);
				PRODUCT_BUNDLE_IDENTIFIER = Tomas.JenkinsProjectUITests;
				PRODUCT_NAME = "$(TARGET_NAME)";
				TARGETED_DEVICE_FAMILY = "1,2";
				TEST_TARGET_NAME = JenkinsProject;
			};
			name = Debug;
		};
		4069A485208E769200E81023 /* Release */ = {
			isa = XCBuildConfiguration;
			buildSettings = {
				CODE_SIGN_STYLE = Automatic;
				INFOPLIST_FILE = JenkinsProjectUITests/Info.plist;
				LD_RUNPATH_SEARCH_PATHS = (
					"$(inherited)",
					"@executable_path/Frameworks",
					"@loader_path/Frameworks",
				);
				PRODUCT_BUNDLE_IDENTIFIER = Tomas.JenkinsProjectUITests;
				PRODUCT_NAME = "$(TARGET_NAME)";
				TARGETED_DEVICE_FAMILY = "1,2";
				TEST_TARGET_NAME = JenkinsProject;
			};
			name = Release;
		};
/* End XCBuildConfiguration section */

/* Begin XCConfigurationList section */
		4069A44C208E768F00E81023 /* Build configuration list for PBXProject "JenkinsProject" */ = {
			isa = XCConfigurationList;
			buildConfigurations = (
				4069A47B208E769200E81023 /* Debug */,
				4069A47C208E769200E81023 /* Release */,
			);
			defaultConfigurationIsVisible = 0;
			defaultConfigurationName = Release;
		};
		4069A47D208E769200E81023 /* Build configuration list for PBXNativeTarget "JenkinsProject" */ = {
			isa = XCConfigurationList;
			buildConfigurations = (
				4069A47E208E769200E81023 /* Debug */,
				4069A47F208E769200E81023 /* Release */,
			);
			defaultConfigurationIsVisible = 0;
			defaultConfigurationName = Release;
		};
		4069A480208E769200E81023 /* Build configuration list for PBXNativeTarget "JenkinsProjectTests" */ = {
			isa = XCConfigurationList;
			buildConfigurations = (
				4069A481208E769200E81023 /* Debug */,
				4069A482208E769200E81023 /* Release */,
			);
			defaultConfigurationIsVisible = 0;
			defaultConfigurationName = Release;
		};
		4069A483208E769200E81023 /* Build configuration list for PBXNativeTarget "JenkinsProjectUITests" */ = {
			isa = XCConfigurationList;
			buildConfigurations = (
				4069A484208E769200E81023 /* Debug */,
				4069A485208E769200E81023 /* Release */,
			);
			defaultConfigurationIsVisible = 0;
			defaultConfigurationName = Release;
		};
/* End XCConfigurationList section */
	};
	rootObject = 4069A449208E768F00E81023 /* Project object */;
}
